
Microsoft Visual Studio Solution File, Format Version 12.00
# Visual Studio 2013
VisualStudioVersion = 12.0.31101.0
MinimumVisualStudioVersion = 10.0.40219.1
Project("{FAE04EC0-301F-11D3-BF4B-00C04F79EFBC}") = "NForum.Core", "NForum.Core\NForum.Core.csproj", "{41F6ACD5-5146-44BC-81AD-A9E95F206223}"
EndProject
Project("{FAE04EC0-301F-11D3-BF4B-00C04F79EFBC}") = "NForum.IoC.Ninject", "NForum.IoC.Ninject\NForum.IoC.Ninject.csproj", "{A7FC3E71-E4F0-4EA7-ACCA-43FEB3AE64B5}"
EndProject
Project("{FAE04EC0-301F-11D3-BF4B-00C04F79EFBC}") = "NForum.Persistence.EntityFramework", "NForum.Persistence.EntityFramework\NForum.Persistence.EntityFramework.csproj", "{48FE8944-31A0-4F3E-96D2-7E64115B7B85}"
EndProject
Project("{2150E333-8FDC-42A3-9474-1A3956D46DE8}") = ".nuget", ".nuget", "{795270C7-F1B4-45FB-AB32-FC83CC4C24CD}"
	ProjectSection(SolutionItems) = preProject
		.nuget\NuGet.Config = .nuget\NuGet.Config
		.nuget\NuGet.exe = .nuget\NuGet.exe
		.nuget\NuGet.targets = .nuget\NuGet.targets
	EndProjectSection
EndProject
Project("{2150E333-8FDC-42A3-9474-1A3956D46DE8}") = "Solution items", "Solution items", "{EC5669BE-2D6E-47E8-84EF-E50CE78D0948}"
	ProjectSection(SolutionItems) = preProject
		NForum.nuspec = NForum.nuspec
		README.md = README.md
	EndProjectSection
EndProject
Project("{FAE04EC0-301F-11D3-BF4B-00C04F79EFBC}") = "NForum.IoC", "NForum.IoC\NForum.IoC.csproj", "{A60C5439-4CD6-4655-9C1F-EF86AB5FBAD1}"
EndProject
Project("{2150E333-8FDC-42A3-9474-1A3956D46DE8}") = "Implementations", "Implementations", "{03BD69E8-F973-45DF-AD96-B43EAACE4A20}"
EndProject
Project("{FAE04EC0-301F-11D3-BF4B-00C04F79EFBC}") = "NForum.Logging.NLog", "NForum.Logging.NLog\NForum.Logging.NLog.csproj", "{5404AB20-E19F-4184-BD50-AC01BE365E72}"
EndProject
Project("{2150E333-8FDC-42A3-9474-1A3956D46DE8}") = "Tests", "Tests", "{042DDD64-A647-4693-BB31-8A0907ED8378}"
EndProject
Project("{FAE04EC0-301F-11D3-BF4B-00C04F79EFBC}") = "NForum.Tests.CommonMocks", "NForum.Tests.CommonMocks\NForum.Tests.CommonMocks.csproj", "{BDBC24C2-7F95-44B3-910E-1BCC5BEF3869}"
EndProject
Project("{FAE04EC0-301F-11D3-BF4B-00C04F79EFBC}") = "NForum.Tests.BasicStructure", "NForum.Tests.BasicStructure\NForum.Tests.BasicStructure.csproj", "{5593DC8A-F5BE-473E-BC3E-0C7FB91A6A04}"
EndProject
Project("{2150E333-8FDC-42A3-9474-1A3956D46DE8}") = "Demo", "Demo", "{10FFB43C-4645-4795-8747-99C5D0C49449}"
EndProject
Project("{FAE04EC0-301F-11D3-BF4B-00C04F79EFBC}") = "NForum.Api.Web", "NForum.Api.Web\NForum.Api.Web.csproj", "{A4FA601B-E538-4B9D-9F7D-819FBD85FA23}"
EndProject
Project("{FAE04EC0-301F-11D3-BF4B-00C04F79EFBC}") = "NForum.Demo.WebApi", "NForum.Demo.WebApi\NForum.Demo.WebApi.csproj", "{95345145-B2F0-4991-9C5E-F3558628A82D}"
EndProject
Project("{FAE04EC0-301F-11D3-BF4B-00C04F79EFBC}") = "NForum.Tests.CustomProperties", "NForum.Tests.CustomProperties\NForum.Tests.CustomProperties.csproj", "{2C157C2F-53E7-4881-9E4A-1CA592064599}"
EndProject
Global
	GlobalSection(SolutionConfigurationPlatforms) = preSolution
		Debug|Any CPU = Debug|Any CPU
		Release|Any CPU = Release|Any CPU
	EndGlobalSection
	GlobalSection(ProjectConfigurationPlatforms) = postSolution
		{41F6ACD5-5146-44BC-81AD-A9E95F206223}.Debug|Any CPU.ActiveCfg = Debug|Any CPU
		{41F6ACD5-5146-44BC-81AD-A9E95F206223}.Debug|Any CPU.Build.0 = Debug|Any CPU
		{41F6ACD5-5146-44BC-81AD-A9E95F206223}.Release|Any CPU.ActiveCfg = Release|Any CPU
		{41F6ACD5-5146-44BC-81AD-A9E95F206223}.Release|Any CPU.Build.0 = Release|Any CPU
		{A7FC3E71-E4F0-4EA7-ACCA-43FEB3AE64B5}.Debug|Any CPU.ActiveCfg = Debug|Any CPU
		{A7FC3E71-E4F0-4EA7-ACCA-43FEB3AE64B5}.Release|Any CPU.ActiveCfg = Release|Any CPU
		{48FE8944-31A0-4F3E-96D2-7E64115B7B85}.Debug|Any CPU.ActiveCfg = Debug|Any CPU
		{48FE8944-31A0-4F3E-96D2-7E64115B7B85}.Debug|Any CPU.Build.0 = Debug|Any CPU
		{48FE8944-31A0-4F3E-96D2-7E64115B7B85}.Release|Any CPU.ActiveCfg = Release|Any CPU
		{48FE8944-31A0-4F3E-96D2-7E64115B7B85}.Release|Any CPU.Build.0 = Release|Any CPU
		{A60C5439-4CD6-4655-9C1F-EF86AB5FBAD1}.Debug|Any CPU.ActiveCfg = Debug|Any CPU
		{A60C5439-4CD6-4655-9C1F-EF86AB5FBAD1}.Debug|Any CPU.Build.0 = Debug|Any CPU
		{A60C5439-4CD6-4655-9C1F-EF86AB5FBAD1}.Release|Any CPU.ActiveCfg = Release|Any CPU
		{A60C5439-4CD6-4655-9C1F-EF86AB5FBAD1}.Release|Any CPU.Build.0 = Release|Any CPU
		{5404AB20-E19F-4184-BD50-AC01BE365E72}.Debug|Any CPU.ActiveCfg = Debug|Any CPU
		{5404AB20-E19F-4184-BD50-AC01BE365E72}.Debug|Any CPU.Build.0 = Debug|Any CPU
		{5404AB20-E19F-4184-BD50-AC01BE365E72}.Release|Any CPU.ActiveCfg = Release|Any CPU
		{5404AB20-E19F-4184-BD50-AC01BE365E72}.Release|Any CPU.Build.0 = Release|Any CPU
		{BDBC24C2-7F95-44B3-910E-1BCC5BEF3869}.Debug|Any CPU.ActiveCfg = Debug|Any CPU
		{BDBC24C2-7F95-44B3-910E-1BCC5BEF3869}.Debug|Any CPU.Build.0 = Debug|Any CPU
		{BDBC24C2-7F95-44B3-910E-1BCC5BEF3869}.Release|Any CPU.ActiveCfg = Release|Any CPU
		{BDBC24C2-7F95-44B3-910E-1BCC5BEF3869}.Release|Any CPU.Build.0 = Release|Any CPU
		{5593DC8A-F5BE-473E-BC3E-0C7FB91A6A04}.Debug|Any CPU.ActiveCfg = Debug|Any CPU
		{5593DC8A-F5BE-473E-BC3E-0C7FB91A6A04}.Debug|Any CPU.Build.0 = Debug|Any CPU
		{5593DC8A-F5BE-473E-BC3E-0C7FB91A6A04}.Release|Any CPU.ActiveCfg = Release|Any CPU
		{5593DC8A-F5BE-473E-BC3E-0C7FB91A6A04}.Release|Any CPU.Build.0 = Release|Any CPU
		{A4FA601B-E538-4B9D-9F7D-819FBD85FA23}.Debug|Any CPU.ActiveCfg = Debug|Any CPU
		{A4FA601B-E538-4B9D-9F7D-819FBD85FA23}.Debug|Any CPU.Build.0 = Debug|Any CPU
		{A4FA601B-E538-4B9D-9F7D-819FBD85FA23}.Release|Any CPU.ActiveCfg = Release|Any CPU
		{A4FA601B-E538-4B9D-9F7D-819FBD85FA23}.Release|Any CPU.Build.0 = Release|Any CPU
		{95345145-B2F0-4991-9C5E-F3558628A82D}.Debug|Any CPU.ActiveCfg = Debug|Any CPU
		{95345145-B2F0-4991-9C5E-F3558628A82D}.Debug|Any CPU.Build.0 = Debug|Any CPU
		{95345145-B2F0-4991-9C5E-F3558628A82D}.Release|Any CPU.ActiveCfg = Release|Any CPU
		{95345145-B2F0-4991-9C5E-F3558628A82D}.Release|Any CPU.Build.0 = Release|Any CPU
		{2C157C2F-53E7-4881-9E4A-1CA592064599}.Debug|Any CPU.ActiveCfg = Debug|Any CPU
		{2C157C2F-53E7-4881-9E4A-1CA592064599}.Debug|Any CPU.Build.0 = Debug|Any CPU
		{2C157C2F-53E7-4881-9E4A-1CA592064599}.Release|Any CPU.ActiveCfg = Release|Any CPU
		{2C157C2F-53E7-4881-9E4A-1CA592064599}.Release|Any CPU.Build.0 = Release|Any CPU
	EndGlobalSection
	GlobalSection(SolutionProperties) = preSolution
		HideSolutionNode = FALSE
	EndGlobalSection
	GlobalSection(NestedProjects) = preSolution
		{A7FC3E71-E4F0-4EA7-ACCA-43FEB3AE64B5} = {03BD69E8-F973-45DF-AD96-B43EAACE4A20}
		{48FE8944-31A0-4F3E-96D2-7E64115B7B85} = {03BD69E8-F973-45DF-AD96-B43EAACE4A20}
		{5404AB20-E19F-4184-BD50-AC01BE365E72} = {03BD69E8-F973-45DF-AD96-B43EAACE4A20}
		{BDBC24C2-7F95-44B3-910E-1BCC5BEF3869} = {042DDD64-A647-4693-BB31-8A0907ED8378}
		{5593DC8A-F5BE-473E-BC3E-0C7FB91A6A04} = {042DDD64-A647-4693-BB31-8A0907ED8378}
		{A4FA601B-E538-4B9D-9F7D-819FBD85FA23} = {10FFB43C-4645-4795-8747-99C5D0C49449}
		{95345145-B2F0-4991-9C5E-F3558628A82D} = {10FFB43C-4645-4795-8747-99C5D0C49449}
		{2C157C2F-53E7-4881-9E4A-1CA592064599} = {042DDD64-A647-4693-BB31-8A0907ED8378}
	EndGlobalSection
EndGlobal
