
Microsoft Visual Studio Solution File, Format Version 12.00
# Visual Studio 14
VisualStudioVersion = 14.0.24720.0
MinimumVisualStudioVersion = 10.0.40219.1
Project("{2150E333-8FDC-42A3-9474-1A3956D46DE8}") = "Tests", "Tests", "{4403B303-9581-4D70-9C43-07EBC2B206B6}"
EndProject
Project("{FAE04EC0-301F-11D3-BF4B-00C04F79EFBC}") = "NForum.Tests.BaseTests", "..\tests\NForum.Tests.BaseTests\NForum.Tests.BaseTests.csproj", "{5C6FC928-E07C-4231-8629-A9AF7A40C410}"
EndProject
Project("{FAE04EC0-301F-11D3-BF4B-00C04F79EFBC}") = "NForum.Core", "NForum.Core\NForum.Core.csproj", "{78DB40AC-E1BD-4F17-BD07-AFC3571F6EB9}"
EndProject
Project("{2150E333-8FDC-42A3-9474-1A3956D46DE8}") = "Implementations", "Implementations", "{50E3F9BF-74AF-474D-80BB-6575A68154BF}"
EndProject
Project("{FAE04EC0-301F-11D3-BF4B-00C04F79EFBC}") = "NForum.Database.EntityFramework", "NForum.Database.EntityFramework\NForum.Database.EntityFramework.csproj", "{28914E98-D11C-433E-923D-A423CC6DCBFF}"
EndProject
Project("{FAE04EC0-301F-11D3-BF4B-00C04F79EFBC}") = "NForum.Web", "NForum.Web\NForum.Web.csproj", "{6EA9F1B9-9B3E-4BE8-AC1A-63FFF9076788}"
EndProject
Project("{FAE04EC0-301F-11D3-BF4B-00C04F79EFBC}") = "NForum.Web.Admin", "NForum.Web.Admin\NForum.Web.Admin.csproj", "{33C30FA0-AFF9-41DD-B5A8-1BD1D22510BD}"
EndProject
Project("{2150E333-8FDC-42A3-9474-1A3956D46DE8}") = "SolutionItems", "SolutionItems", "{9AD81768-D8C0-4AE3-82DA-AB51318D9A5F}"
	ProjectSection(SolutionItems) = preProject
		..\appveyor.yml = ..\appveyor.yml
	EndProjectSection
EndProject
Project("{FAE04EC0-301F-11D3-BF4B-00C04F79EFBC}") = "NForum.Tests.TopicTests", "NForum.Tests.TopicTests\NForum.Tests.TopicTests.csproj", "{E09E41A6-774F-4417-AA7F-2FFD13DBBEC6}"
EndProject
Global
	GlobalSection(SolutionConfigurationPlatforms) = preSolution
		Debug|Any CPU = Debug|Any CPU
		Release|Any CPU = Release|Any CPU
	EndGlobalSection
	GlobalSection(ProjectConfigurationPlatforms) = postSolution
		{5C6FC928-E07C-4231-8629-A9AF7A40C410}.Debug|Any CPU.ActiveCfg = Debug|Any CPU
		{5C6FC928-E07C-4231-8629-A9AF7A40C410}.Debug|Any CPU.Build.0 = Debug|Any CPU
		{5C6FC928-E07C-4231-8629-A9AF7A40C410}.Release|Any CPU.ActiveCfg = Release|Any CPU
		{5C6FC928-E07C-4231-8629-A9AF7A40C410}.Release|Any CPU.Build.0 = Release|Any CPU
		{78DB40AC-E1BD-4F17-BD07-AFC3571F6EB9}.Debug|Any CPU.ActiveCfg = Debug|Any CPU
		{78DB40AC-E1BD-4F17-BD07-AFC3571F6EB9}.Debug|Any CPU.Build.0 = Debug|Any CPU
		{78DB40AC-E1BD-4F17-BD07-AFC3571F6EB9}.Release|Any CPU.ActiveCfg = Release|Any CPU
		{78DB40AC-E1BD-4F17-BD07-AFC3571F6EB9}.Release|Any CPU.Build.0 = Release|Any CPU
		{28914E98-D11C-433E-923D-A423CC6DCBFF}.Debug|Any CPU.ActiveCfg = Debug|Any CPU
		{28914E98-D11C-433E-923D-A423CC6DCBFF}.Debug|Any CPU.Build.0 = Debug|Any CPU
		{28914E98-D11C-433E-923D-A423CC6DCBFF}.Release|Any CPU.ActiveCfg = Release|Any CPU
		{28914E98-D11C-433E-923D-A423CC6DCBFF}.Release|Any CPU.Build.0 = Release|Any CPU
		{6EA9F1B9-9B3E-4BE8-AC1A-63FFF9076788}.Debug|Any CPU.ActiveCfg = Debug|Any CPU
		{6EA9F1B9-9B3E-4BE8-AC1A-63FFF9076788}.Debug|Any CPU.Build.0 = Debug|Any CPU
		{6EA9F1B9-9B3E-4BE8-AC1A-63FFF9076788}.Release|Any CPU.ActiveCfg = Release|Any CPU
		{6EA9F1B9-9B3E-4BE8-AC1A-63FFF9076788}.Release|Any CPU.Build.0 = Release|Any CPU
		{33C30FA0-AFF9-41DD-B5A8-1BD1D22510BD}.Debug|Any CPU.ActiveCfg = Debug|Any CPU
		{33C30FA0-AFF9-41DD-B5A8-1BD1D22510BD}.Debug|Any CPU.Build.0 = Debug|Any CPU
		{33C30FA0-AFF9-41DD-B5A8-1BD1D22510BD}.Release|Any CPU.ActiveCfg = Release|Any CPU
		{33C30FA0-AFF9-41DD-B5A8-1BD1D22510BD}.Release|Any CPU.Build.0 = Release|Any CPU
		{E09E41A6-774F-4417-AA7F-2FFD13DBBEC6}.Debug|Any CPU.ActiveCfg = Debug|Any CPU
		{E09E41A6-774F-4417-AA7F-2FFD13DBBEC6}.Debug|Any CPU.Build.0 = Debug|Any CPU
		{E09E41A6-774F-4417-AA7F-2FFD13DBBEC6}.Release|Any CPU.ActiveCfg = Release|Any CPU
		{E09E41A6-774F-4417-AA7F-2FFD13DBBEC6}.Release|Any CPU.Build.0 = Release|Any CPU
	EndGlobalSection
	GlobalSection(SolutionProperties) = preSolution
		HideSolutionNode = FALSE
	EndGlobalSection
	GlobalSection(NestedProjects) = preSolution
		{5C6FC928-E07C-4231-8629-A9AF7A40C410} = {4403B303-9581-4D70-9C43-07EBC2B206B6}
		{28914E98-D11C-433E-923D-A423CC6DCBFF} = {50E3F9BF-74AF-474D-80BB-6575A68154BF}
		{6EA9F1B9-9B3E-4BE8-AC1A-63FFF9076788} = {50E3F9BF-74AF-474D-80BB-6575A68154BF}
		{33C30FA0-AFF9-41DD-B5A8-1BD1D22510BD} = {50E3F9BF-74AF-474D-80BB-6575A68154BF}
		{E09E41A6-774F-4417-AA7F-2FFD13DBBEC6} = {4403B303-9581-4D70-9C43-07EBC2B206B6}
	EndGlobalSection
EndGlobal
