
Microsoft Visual Studio Solution File, Format Version 12.00
# Visual Studio 14
VisualStudioVersion = 14.0.25420.1
MinimumVisualStudioVersion = 10.0.40219.1
Project("{8BB2217D-0F2D-49D1-97BC-3654ED321F3B}") = "NForum", "NForum\NForum.xproj", "{4471402E-82AD-4B3D-AD1E-8444877996BA}"
EndProject
Project("{2150E333-8FDC-42A3-9474-1A3956D46DE8}") = "Test", "Test", "{06450794-D907-42DD-9561-59CD849A77C7}"
EndProject
Project("{8BB2217D-0F2D-49D1-97BC-3654ED321F3B}") = "NForum.Tests.Core", "NForum.Tests.Core\NForum.Tests.Core.xproj", "{213C2BA3-08DB-4431-B180-656F15F41AB6}"
EndProject
Project("{2150E333-8FDC-42A3-9474-1A3956D46DE8}") = "Implementations", "Implementations", "{FB3FA8D5-5A86-475C-8F6C-20B1516653B9}"
EndProject
Project("{2150E333-8FDC-42A3-9474-1A3956D46DE8}") = "Datastores", "Datastores", "{2DC3A5C2-276D-4F84-873D-06639C65020E}"
EndProject
Project("{2150E333-8FDC-42A3-9474-1A3956D46DE8}") = "DependencyInjection", "DependencyInjection", "{F06677CA-B4ED-4A84-9E4D-99BA48734770}"
EndProject
Project("{2150E333-8FDC-42A3-9474-1A3956D46DE8}") = "Build", "Build", "{9DA85578-8BF7-471F-A79F-1A0C2F7CC300}"
	ProjectSection(SolutionItems) = preProject
		..\appveyor.yml = ..\appveyor.yml
		..\LICENSE = ..\LICENSE
		..\README.md = ..\README.md
	EndProjectSection
EndProject
Project("{2150E333-8FDC-42A3-9474-1A3956D46DE8}") = "Frontends", "Frontends", "{F955EE45-6D45-4703-9B6F-A90EE9E34752}"
EndProject
Global
	GlobalSection(SolutionConfigurationPlatforms) = preSolution
		Debug|Any CPU = Debug|Any CPU
		Release|Any CPU = Release|Any CPU
	EndGlobalSection
	GlobalSection(ProjectConfigurationPlatforms) = postSolution
		{4471402E-82AD-4B3D-AD1E-8444877996BA}.Debug|Any CPU.ActiveCfg = Debug|Any CPU
		{4471402E-82AD-4B3D-AD1E-8444877996BA}.Debug|Any CPU.Build.0 = Debug|Any CPU
		{4471402E-82AD-4B3D-AD1E-8444877996BA}.Release|Any CPU.ActiveCfg = Release|Any CPU
		{4471402E-82AD-4B3D-AD1E-8444877996BA}.Release|Any CPU.Build.0 = Release|Any CPU
		{213C2BA3-08DB-4431-B180-656F15F41AB6}.Debug|Any CPU.ActiveCfg = Debug|Any CPU
		{213C2BA3-08DB-4431-B180-656F15F41AB6}.Debug|Any CPU.Build.0 = Debug|Any CPU
		{213C2BA3-08DB-4431-B180-656F15F41AB6}.Release|Any CPU.ActiveCfg = Release|Any CPU
		{213C2BA3-08DB-4431-B180-656F15F41AB6}.Release|Any CPU.Build.0 = Release|Any CPU
	EndGlobalSection
	GlobalSection(SolutionProperties) = preSolution
		HideSolutionNode = FALSE
	EndGlobalSection
	GlobalSection(NestedProjects) = preSolution
		{213C2BA3-08DB-4431-B180-656F15F41AB6} = {06450794-D907-42DD-9561-59CD849A77C7}
		{2DC3A5C2-276D-4F84-873D-06639C65020E} = {FB3FA8D5-5A86-475C-8F6C-20B1516653B9}
		{F06677CA-B4ED-4A84-9E4D-99BA48734770} = {FB3FA8D5-5A86-475C-8F6C-20B1516653B9}
		{F955EE45-6D45-4703-9B6F-A90EE9E34752} = {FB3FA8D5-5A86-475C-8F6C-20B1516653B9}
	EndGlobalSection
EndGlobal
